
Microsoft Visual Studio Solution File, Format Version 12.00
# Visual Studio 14
VisualStudioVersion = 14.0.24720.0
MinimumVisualStudioVersion = 10.0.40219.1
Project("{FAE04EC0-301F-11D3-BF4B-00C04F79EFBC}") = "Googletrywpf", "Googletrywpf\Googletrywpf.csproj", "{76364050-1508-45F5-BFE9-150C7231B783}"
EndProject
Project("{FAE04EC0-301F-11D3-BF4B-00C04F79EFBC}") = "GoogleCalendarReaderLogic", "GoogleCalendarReaderLogic\GoogleCalendarReaderLogic.csproj", "{2BCB0477-938E-4159-9685-323D7A2F485F}"
EndProject
Global
	GlobalSection(SolutionConfigurationPlatforms) = preSolution
		Debug|Any CPU = Debug|Any CPU
		Release|Any CPU = Release|Any CPU
	EndGlobalSection
	GlobalSection(ProjectConfigurationPlatforms) = postSolution
		{76364050-1508-45F5-BFE9-150C7231B783}.Debug|Any CPU.ActiveCfg = Debug|Any CPU
		{76364050-1508-45F5-BFE9-150C7231B783}.Debug|Any CPU.Build.0 = Debug|Any CPU
		{76364050-1508-45F5-BFE9-150C7231B783}.Release|Any CPU.ActiveCfg = Release|Any CPU
		{76364050-1508-45F5-BFE9-150C7231B783}.Release|Any CPU.Build.0 = Release|Any CPU
		{2BCB0477-938E-4159-9685-323D7A2F485F}.Debug|Any CPU.ActiveCfg = Debug|Any CPU
		{2BCB0477-938E-4159-9685-323D7A2F485F}.Debug|Any CPU.Build.0 = Debug|Any CPU
		{2BCB0477-938E-4159-9685-323D7A2F485F}.Release|Any CPU.ActiveCfg = Release|Any CPU
		{2BCB0477-938E-4159-9685-323D7A2F485F}.Release|Any CPU.Build.0 = Release|Any CPU
	EndGlobalSection
	GlobalSection(SolutionProperties) = preSolution
		HideSolutionNode = FALSE
	EndGlobalSection
EndGlobal
